// !$*UTF8*$!
{
	archiveVersion = 1;
	classes = {
	};
	objectVersion = 50;
	objects = {

/* Begin PBXBuildFile section */
		192B84C424C9767500DD2CBA /* AppDelegate.swift in Sources */ = {isa = PBXBuildFile; fileRef = 192B84C324C9767500DD2CBA /* AppDelegate.swift */; };
		192B84C624C9767500DD2CBA /* SceneDelegate.swift in Sources */ = {isa = PBXBuildFile; fileRef = 192B84C524C9767500DD2CBA /* SceneDelegate.swift */; };
		192B84C824C9767500DD2CBA /* ViewController.swift in Sources */ = {isa = PBXBuildFile; fileRef = 192B84C724C9767500DD2CBA /* ViewController.swift */; };
		192B84CB24C9767500DD2CBA /* Main.storyboard in Resources */ = {isa = PBXBuildFile; fileRef = 192B84C924C9767500DD2CBA /* Main.storyboard */; };
		192B84CD24C9767900DD2CBA /* Assets.xcassets in Resources */ = {isa = PBXBuildFile; fileRef = 192B84CC24C9767900DD2CBA /* Assets.xcassets */; };
		192B84D024C9767900DD2CBA /* LaunchScreen.storyboard in Resources */ = {isa = PBXBuildFile; fileRef = 192B84CE24C9767900DD2CBA /* LaunchScreen.storyboard */; };
		192B84D824C97CB000DD2CBA /* Inceptionv3.mlmodel in Sources */ = {isa = PBXBuildFile; fileRef = 192B84D724C97CB000DD2CBA /* Inceptionv3.mlmodel */; };
/* End PBXBuildFile section */

/* Begin PBXFileReference section */
		192B84C024C9767500DD2CBA /* HotDog or Not.app */ = {isa = PBXFileReference; explicitFileType = wrapper.application; includeInIndex = 0; path = "HotDog or Not.app"; sourceTree = BUILT_PRODUCTS_DIR; };
		192B84C324C9767500DD2CBA /* AppDelegate.swift */ = {isa = PBXFileReference; lastKnownFileType = sourcecode.swift; path = AppDelegate.swift; sourceTree = "<group>"; };
		192B84C524C9767500DD2CBA /* SceneDelegate.swift */ = {isa = PBXFileReference; lastKnownFileType = sourcecode.swift; path = SceneDelegate.swift; sourceTree = "<group>"; };
		192B84C724C9767500DD2CBA /* ViewController.swift */ = {isa = PBXFileReference; lastKnownFileType = sourcecode.swift; path = ViewController.swift; sourceTree = "<group>"; };
		192B84CA24C9767500DD2CBA /* Base */ = {isa = PBXFileReference; lastKnownFileType = file.storyboard; name = Base; path = Base.lproj/Main.storyboard; sourceTree = "<group>"; };
		192B84CC24C9767900DD2CBA /* Assets.xcassets */ = {isa = PBXFileReference; lastKnownFileType = folder.assetcatalog; path = Assets.xcassets; sourceTree = "<group>"; };
		192B84CF24C9767900DD2CBA /* Base */ = {isa = PBXFileReference; lastKnownFileType = file.storyboard; name = Base; path = Base.lproj/LaunchScreen.storyboard; sourceTree = "<group>"; };
		192B84D124C9767900DD2CBA /* Info.plist */ = {isa = PBXFileReference; lastKnownFileType = text.plist.xml; path = Info.plist; sourceTree = "<group>"; };
		192B84D724C97CB000DD2CBA /* Inceptionv3.mlmodel */ = {isa = PBXFileReference; lastKnownFileType = file.mlmodel; path = Inceptionv3.mlmodel; sourceTree = "<group>"; };
/* End PBXFileReference section */

/* Begin PBXFrameworksBuildPhase section */
		192B84BD24C9767500DD2CBA /* Frameworks */ = {
			isa = PBXFrameworksBuildPhase;
			buildActionMask = 2147483647;
			files = (
			);
			runOnlyForDeploymentPostprocessing = 0;
		};
/* End PBXFrameworksBuildPhase section */

/* Begin PBXGroup section */
		192B84B724C9767500DD2CBA = {
			isa = PBXGroup;
			children = (
				192B84C224C9767500DD2CBA /* HotDog or Not */,
				192B84C124C9767500DD2CBA /* Products */,
			);
			sourceTree = "<group>";
		};
		192B84C124C9767500DD2CBA /* Products */ = {
			isa = PBXGroup;
			children = (
				192B84C024C9767500DD2CBA /* HotDog or Not.app */,
			);
			name = Products;
			sourceTree = "<group>";
		};
		192B84C224C9767500DD2CBA /* HotDog or Not */ = {
			isa = PBXGroup;
			children = (
				192B84D724C97CB000DD2CBA /* Inceptionv3.mlmodel */,
				192B84C324C9767500DD2CBA /* AppDelegate.swift */,
				192B84C524C9767500DD2CBA /* SceneDelegate.swift */,
				192B84C724C9767500DD2CBA /* ViewController.swift */,
				192B84C924C9767500DD2CBA /* Main.storyboard */,
				192B84CC24C9767900DD2CBA /* Assets.xcassets */,
				192B84CE24C9767900DD2CBA /* LaunchScreen.storyboard */,
				192B84D124C9767900DD2CBA /* Info.plist */,
			);
			path = "HotDog or Not";
			sourceTree = "<group>";
		};
/* End PBXGroup section */

/* Begin PBXNativeTarget section */
		192B84BF24C9767500DD2CBA /* HotDog or Not */ = {
			isa = PBXNativeTarget;
			buildConfigurationList = 192B84D424C9767900DD2CBA /* Build configuration list for PBXNativeTarget "HotDog or Not" */;
			buildPhases = (
				192B84BC24C9767500DD2CBA /* Sources */,
				192B84BD24C9767500DD2CBA /* Frameworks */,
				192B84BE24C9767500DD2CBA /* Resources */,
			);
			buildRules = (
			);
			dependencies = (
			);
			name = "HotDog or Not";
			productName = "HotDog or Not";
			productReference = 192B84C024C9767500DD2CBA /* HotDog or Not.app */;
			productType = "com.apple.product-type.application";
		};
/* End PBXNativeTarget section */

/* Begin PBXProject section */
		192B84B824C9767500DD2CBA /* Project object */ = {
			isa = PBXProject;
			attributes = {
				LastSwiftUpdateCheck = 1160;
				LastUpgradeCheck = 1160;
				ORGANIZATIONNAME = jagjeet;
				TargetAttributes = {
					192B84BF24C9767500DD2CBA = {
						CreatedOnToolsVersion = 11.6;
					};
				};
			};
			buildConfigurationList = 192B84BB24C9767500DD2CBA /* Build configuration list for PBXProject "HotDog or Not" */;
			compatibilityVersion = "Xcode 9.3";
			developmentRegion = en;
			hasScannedForEncodings = 0;
			knownRegions = (
				en,
				Base,
			);
			mainGroup = 192B84B724C9767500DD2CBA;
			productRefGroup = 192B84C124C9767500DD2CBA /* Products */;
			projectDirPath = "";
			projectRoot = "";
			targets = (
				192B84BF24C9767500DD2CBA /* HotDog or Not */,
			);
		};
/* End PBXProject section */

/* Begin PBXResourcesBuildPhase section */
		192B84BE24C9767500DD2CBA /* Resources */ = {
			isa = PBXResourcesBuildPhase;
			buildActionMask = 2147483647;
			files = (
				192B84D024C9767900DD2CBA /* LaunchScreen.storyboard in Resources */,
				192B84CD24C9767900DD2CBA /* Assets.xcassets in Resources */,
				192B84CB24C9767500DD2CBA /* Main.storyboard in Resources */,
			);
			runOnlyForDeploymentPostprocessing = 0;
		};
/* End PBXResourcesBuildPhase section */

/* Begin PBXSourcesBuildPhase section */
		192B84BC24C9767500DD2CBA /* Sources */ = {
			isa = PBXSourcesBuildPhase;
			buildActionMask = 2147483647;
			files = (
				192B84C824C9767500DD2CBA /* ViewController.swift in Sources */,
				192B84D824C97CB000DD2CBA /* Inceptionv3.mlmodel in Sources */,
				192B84C424C9767500DD2CBA /* AppDelegate.swift in Sources */,
				192B84C624C9767500DD2CBA /* SceneDelegate.swift in Sources */,
			);
			runOnlyForDeploymentPostprocessing = 0;
		};
/* End PBXSourcesBuildPhase section */

/* Begin PBXVariantGroup section */
		192B84C924C9767500DD2CBA /* Main.storyboard */ = {
			isa = PBXVariantGroup;
			children = (
				192B84CA24C9767500DD2CBA /* Base */,
			);
			name = Main.storyboard;
			sourceTree = "<group>";
		};
		192B84CE24C9767900DD2CBA /* LaunchScreen.storyboard */ = {
			isa = PBXVariantGroup;
			children = (
				192B84CF24C9767900DD2CBA /* Base */,
			);
			name = LaunchScreen.storyboard;
			sourceTree = "<group>";
		};
/* End PBXVariantGroup section */

/* Begin XCBuildConfiguration section */
		192B84D224C9767900DD2CBA /* Debug */ = {
			isa = XCBuildConfiguration;
			buildSettings = {
				ALWAYS_SEARCH_USER_PATHS = NO;
				CLANG_ANALYZER_NONNULL = YES;
				CLANG_ANALYZER_NUMBER_OBJECT_CONVERSION = YES_AGGRESSIVE;
				CLANG_CXX_LANGUAGE_STANDARD = "gnu++14";
				CLANG_CXX_LIBRARY = "libc++";
				CLANG_ENABLE_MODULES = YES;
				CLANG_ENABLE_OBJC_ARC = YES;
				CLANG_ENABLE_OBJC_WEAK = YES;
				CLANG_WARN_BLOCK_CAPTURE_AUTORELEASING = YES;
				CLANG_WARN_BOOL_CONVERSION = YES;
				CLANG_WARN_COMMA = YES;
				CLANG_WARN_CONSTANT_CONVERSION = YES;
				CLANG_WARN_DEPRECATED_OBJC_IMPLEMENTATIONS = YES;
				CLANG_WARN_DIRECT_OBJC_ISA_USAGE = YES_ERROR;
				CLANG_WARN_DOCUMENTATION_COMMENTS = YES;
				CLANG_WARN_EMPTY_BODY = YES;
				CLANG_WARN_ENUM_CONVERSION = YES;
				CLANG_WARN_INFINITE_RECURSION = YES;
				CLANG_WARN_INT_CONVERSION = YES;
				CLANG_WARN_NON_LITERAL_NULL_CONVERSION = YES;
				CLANG_WARN_OBJC_IMPLICIT_RETAIN_SELF = YES;
				CLANG_WARN_OBJC_LITERAL_CONVERSION = YES;
				CLANG_WARN_OBJC_ROOT_CLASS = YES_ERROR;
				CLANG_WARN_RANGE_LOOP_ANALYSIS = YES;
				CLANG_WARN_STRICT_PROTOTYPES = YES;
				CLANG_WARN_SUSPICIOUS_MOVE = YES;
				CLANG_WARN_UNGUARDED_AVAILABILITY = YES_AGGRESSIVE;
				CLANG_WARN_UNREACHABLE_CODE = YES;
				CLANG_WARN__DUPLICATE_METHOD_MATCH = YES;
				COPY_PHASE_STRIP = NO;
				DEBUG_INFORMATION_FORMAT = dwarf;
				ENABLE_STRICT_OBJC_MSGSEND = YES;
				ENABLE_TESTABILITY = YES;
				GCC_C_LANGUAGE_STANDARD = gnu11;
				GCC_DYNAMIC_NO_PIC = NO;
				GCC_NO_COMMON_BLOCKS = YES;
				GCC_OPTIMIZATION_LEVEL = 0;
				GCC_PREPROCESSOR_DEFINITIONS = (
					"DEBUG=1",
					"$(inherited)",
				);
				GCC_WARN_64_TO_32_BIT_CONVERSION = YES;
				GCC_WARN_ABOUT_RETURN_TYPE = YES_ERROR;
				GCC_WARN_UNDECLARED_SELECTOR = YES;
				GCC_WARN_UNINITIALIZED_AUTOS = YES_AGGRESSIVE;
				GCC_WARN_UNUSED_FUNCTION = YES;
				GCC_WARN_UNUSED_VARIABLE = YES;
				IPHONEOS_DEPLOYMENT_TARGET = 13.6;
				MTL_ENABLE_DEBUG_INFO = INCLUDE_SOURCE;
				MTL_FAST_MATH = YES;
				ONLY_ACTIVE_ARCH = YES;
				SDKROOT = iphoneos;
				SWIFT_ACTIVE_COMPILATION_CONDITIONS = DEBUG;
				SWIFT_OPTIMIZATION_LEVEL = "-Onone";
			};
			name = Debug;
		};
		192B84D324C9767900DD2CBA /* Release */ = {
			isa = XCBuildConfiguration;
			buildSettings = {
				ALWAYS_SEARCH_USER_PATHS = NO;
				CLANG_ANALYZER_NONNULL = YES;
				CLANG_ANALYZER_NUMBER_OBJECT_CONVERSION = YES_AGGRESSIVE;
				CLANG_CXX_LANGUAGE_STANDARD = "gnu++14";
				CLANG_CXX_LIBRARY = "libc++";
				CLANG_ENABLE_MODULES = YES;
				CLANG_ENABLE_OBJC_ARC = YES;
				CLANG_ENABLE_OBJC_WEAK = YES;
				CLANG_WARN_BLOCK_CAPTURE_AUTORELEASING = YES;
				CLANG_WARN_BOOL_CONVERSION = YES;
				CLANG_WARN_COMMA = YES;
				CLANG_WARN_CONSTANT_CONVERSION = YES;
				CLANG_WARN_DEPRECATED_OBJC_IMPLEMENTATIONS = YES;
				CLANG_WARN_DIRECT_OBJC_ISA_USAGE = YES_ERROR;
				CLANG_WARN_DOCUMENTATION_COMMENTS = YES;
				CLANG_WARN_EMPTY_BODY = YES;
				CLANG_WARN_ENUM_CONVERSION = YES;
				CLANG_WARN_INFINITE_RECURSION = YES;
				CLANG_WARN_INT_CONVERSION = YES;
				CLANG_WARN_NON_LITERAL_NULL_CONVERSION = YES;
				CLANG_WARN_OBJC_IMPLICIT_RETAIN_SELF = YES;
				CLANG_WARN_OBJC_LITERAL_CONVERSION = YES;
				CLANG_WARN_OBJC_ROOT_CLASS = YES_ERROR;
				CLANG_WARN_RANGE_LOOP_ANALYSIS = YES;
				CLANG_WARN_STRICT_PROTOTYPES = YES;
				CLANG_WARN_SUSPICIOUS_MOVE = YES;
				CLANG_WARN_UNGUARDED_AVAILABILITY = YES_AGGRESSIVE;
				CLANG_WARN_UNREACHABLE_CODE = YES;
				CLANG_WARN__DUPLICATE_METHOD_MATCH = YES;
				COPY_PHASE_STRIP = NO;
				DEBUG_INFORMATION_FORMAT = "dwarf-with-dsym";
				ENABLE_NS_ASSERTIONS = NO;
				ENABLE_STRICT_OBJC_MSGSEND = YES;
				GCC_C_LANGUAGE_STANDARD = gnu11;
				GCC_NO_COMMON_BLOCKS = YES;
				GCC_WARN_64_TO_32_BIT_CONVERSION = YES;
				GCC_WARN_ABOUT_RETURN_TYPE = YES_ERROR;
				GCC_WARN_UNDECLARED_SELECTOR = YES;
				GCC_WARN_UNINITIALIZED_AUTOS = YES_AGGRESSIVE;
				GCC_WARN_UNUSED_FUNCTION = YES;
				GCC_WARN_UNUSED_VARIABLE = YES;
				IPHONEOS_DEPLOYMENT_TARGET = 13.6;
				MTL_ENABLE_DEBUG_INFO = NO;
				MTL_FAST_MATH = YES;
				SDKROOT = iphoneos;
				SWIFT_COMPILATION_MODE = wholemodule;
				SWIFT_OPTIMIZATION_LEVEL = "-O";
				VALIDATE_PRODUCT = YES;
			};
			name = Release;
		};
		192B84D524C9767900DD2CBA /* Debug */ = {
			isa = XCBuildConfiguration;
			buildSettings = {
				ASSETCATALOG_COMPILER_APPICON_NAME = AppIcon;
				CODE_SIGN_STYLE = Automatic;
				DEVELOPMENT_TEAM = W8A45L2WMS;
				INFOPLIST_FILE = "HotDog or Not/Info.plist";
				IPHONEOS_DEPLOYMENT_TARGET = 13.6;
				LD_RUNPATH_SEARCH_PATHS = (
					"$(inherited)",
					"@executable_path/Frameworks",
				);
				PRODUCT_BUNDLE_IDENTIFIER = "TFT.HotDog-or-Not";
				PRODUCT_NAME = "$(TARGET_NAME)";
				SWIFT_VERSION = 5.0;
				TARGETED_DEVICE_FAMILY = "1,2";
			};
			name = Debug;
		};
		192B84D624C9767900DD2CBA /* Release */ = {
			isa = XCBuildConfiguration;
			buildSettings = {
				ASSETCATALOG_COMPILER_APPICON_NAME = AppIcon;
				CODE_SIGN_STYLE = Automatic;
				DEVELOPMENT_TEAM = W8A45L2WMS;
				INFOPLIST_FILE = "HotDog or Not/Info.plist";
				IPHONEOS_DEPLOYMENT_TARGET = 13.6;
				LD_RUNPATH_SEARCH_PATHS = (
					"$(inherited)",
					"@executable_path/Frameworks",
				);
				PRODUCT_BUNDLE_IDENTIFIER = "TFT.HotDog-or-Not";
				PRODUCT_NAME = "$(TARGET_NAME)";
				SWIFT_VERSION = 5.0;
				TARGETED_DEVICE_FAMILY = "1,2";
			};
			name = Release;
		};
/* End XCBuildConfiguration section */

/* Begin XCConfigurationList section */
		192B84BB24C9767500DD2CBA /* Build configuration list for PBXProject "HotDog or Not" */ = {
			isa = XCConfigurationList;
			buildConfigurations = (
				192B84D224C9767900DD2CBA /* Debug */,
				192B84D324C9767900DD2CBA /* Release */,
			);
			defaultConfigurationIsVisible = 0;
			defaultConfigurationName = Release;
		};
		192B84D424C9767900DD2CBA /* Build configuration list for PBXNativeTarget "HotDog or Not" */ = {
			isa = XCConfigurationList;
			buildConfigurations = (
				192B84D524C9767900DD2CBA /* Debug */,
				192B84D624C9767900DD2CBA /* Release */,
			);
			defaultConfigurationIsVisible = 0;
			defaultConfigurationName = Release;
		};
/* End XCConfigurationList section */
	};
	rootObject = 192B84B824C9767500DD2CBA /* Project object */;
}
